
Microsoft Visual Studio Solution File, Format Version 12.00
# Visual Studio Version 16
VisualStudioVersion = 16.0.30717.126
MinimumVisualStudioVersion = 10.0.40219.1
Project("{FAE04EC0-301F-11D3-BF4B-00C04F79EFBC}") = "ConsoleApp1", "ConsoleApp1\ConsoleApp1.csproj", "{FDCD658A-3FAD-463E-AE44-C52AD418334F}"
EndProject
Global
	GlobalSection(SolutionConfigurationPlatforms) = preSolution
		Debug|Any CPU = Debug|Any CPU
		Release|Any CPU = Release|Any CPU
	EndGlobalSection
	GlobalSection(ProjectConfigurationPlatforms) = postSolution
		{FDCD658A-3FAD-463E-AE44-C52AD418334F}.Debug|Any CPU.ActiveCfg = Debug|Any CPU
		{FDCD658A-3FAD-463E-AE44-C52AD418334F}.Debug|Any CPU.Build.0 = Debug|Any CPU
		{FDCD658A-3FAD-463E-AE44-C52AD418334F}.Release|Any CPU.ActiveCfg = Release|Any CPU
		{FDCD658A-3FAD-463E-AE44-C52AD418334F}.Release|Any CPU.Build.0 = Release|Any CPU
	EndGlobalSection
	GlobalSection(SolutionProperties) = preSolution
		HideSolutionNode = FALSE
	EndGlobalSection
	GlobalSection(ExtensibilityGlobals) = postSolution
		SolutionGuid = {468B7AD7-F052-451A-8A0E-AD46FD068595}
	EndGlobalSection
EndGlobal
